// !$*UTF8*$!
{
	archiveVersion = 1;
	classes = {
	};
	objectVersion = 46;
	objects = {

/* Begin PBXBuildFile section */
		88BB24981C0110F30080385D /* AppDelegate.swift in Sources */ = {isa = PBXBuildFile; fileRef = 88BB24971C0110F30080385D /* AppDelegate.swift */; };
		88BB249A1C0110F30080385D /* ViewController.swift in Sources */ = {isa = PBXBuildFile; fileRef = 88BB24991C0110F30080385D /* ViewController.swift */; };
		88BB249D1C0110F30080385D /* Main.storyboard in Resources */ = {isa = PBXBuildFile; fileRef = 88BB249B1C0110F30080385D /* Main.storyboard */; };
		88BB249F1C0110F30080385D /* Assets.xcassets in Resources */ = {isa = PBXBuildFile; fileRef = 88BB249E1C0110F30080385D /* Assets.xcassets */; };
		88BB24A21C0110F30080385D /* LaunchScreen.storyboard in Resources */ = {isa = PBXBuildFile; fileRef = 88BB24A01C0110F30080385D /* LaunchScreen.storyboard */; };
/* End PBXBuildFile section */

/* Begin PBXFileReference section */
		88BB24941C0110F30080385D /* PeticionServidor.app */ = {isa = PBXFileReference; explicitFileType = wrapper.application; includeInIndex = 0; path = PeticionServidor.app; sourceTree = BUILT_PRODUCTS_DIR; };
		88BB24971C0110F30080385D /* AppDelegate.swift */ = {isa = PBXFileReference; lastKnownFileType = sourcecode.swift; path = AppDelegate.swift; sourceTree = "<group>"; };
		88BB24991C0110F30080385D /* ViewController.swift */ = {isa = PBXFileReference; lastKnownFileType = sourcecode.swift; path = ViewController.swift; sourceTree = "<group>"; };
		88BB249C1C0110F30080385D /* Base */ = {isa = PBXFileReference; lastKnownFileType = file.storyboard; name = Base; path = Base.lproj/Main.storyboard; sourceTree = "<group>"; };
		88BB249E1C0110F30080385D /* Assets.xcassets */ = {isa = PBXFileReference; lastKnownFileType = folder.assetcatalog; path = Assets.xcassets; sourceTree = "<group>"; };
		88BB24A11C0110F30080385D /* Base */ = {isa = PBXFileReference; lastKnownFileType = file.storyboard; name = Base; path = Base.lproj/LaunchScreen.storyboard; sourceTree = "<group>"; };
		88BB24A31C0110F30080385D /* Info.plist */ = {isa = PBXFileReference; lastKnownFileType = text.plist.xml; path = Info.plist; sourceTree = "<group>"; };
/* End PBXFileReference section */

/* Begin PBXFrameworksBuildPhase section */
		88BB24911C0110F30080385D /* Frameworks */ = {
			isa = PBXFrameworksBuildPhase;
			buildActionMask = 2147483647;
			files = (
			);
			runOnlyForDeploymentPostprocessing = 0;
		};
/* End PBXFrameworksBuildPhase section */

/* Begin PBXGroup section */
		88BB248B1C0110F30080385D = {
			isa = PBXGroup;
			children = (
				88BB24961C0110F30080385D /* PeticionServidor */,
				88BB24951C0110F30080385D /* Products */,
			);
			sourceTree = "<group>";
		};
		88BB24951C0110F30080385D /* Products */ = {
			isa = PBXGroup;
			children = (
				88BB24941C0110F30080385D /* PeticionServidor.app */,
			);
			name = Products;
			sourceTree = "<group>";
		};
		88BB24961C0110F30080385D /* PeticionServidor */ = {
			isa = PBXGroup;
			children = (
				88BB24971C0110F30080385D /* AppDelegate.swift */,
				88BB24991C0110F30080385D /* ViewController.swift */,
				88BB249B1C0110F30080385D /* Main.storyboard */,
				88BB249E1C0110F30080385D /* Assets.xcassets */,
				88BB24A01C0110F30080385D /* LaunchScreen.storyboard */,
				88BB24A31C0110F30080385D /* Info.plist */,
			);
			path = PeticionServidor;
			sourceTree = "<group>";
		};
/* End PBXGroup section */

/* Begin PBXNativeTarget section */
		88BB24931C0110F30080385D /* PeticionServidor */ = {
			isa = PBXNativeTarget;
			buildConfigurationList = 88BB24A61C0110F30080385D /* Build configuration list for PBXNativeTarget "PeticionServidor" */;
			buildPhases = (
				88BB24901C0110F30080385D /* Sources */,
				88BB24911C0110F30080385D /* Frameworks */,
				88BB24921C0110F30080385D /* Resources */,
			);
			buildRules = (
			);
			dependencies = (
			);
			name = PeticionServidor;
			productName = PeticionServidor;
			productReference = 88BB24941C0110F30080385D /* PeticionServidor.app */;
			productType = "com.apple.product-type.application";
		};
/* End PBXNativeTarget section */

/* Begin PBXProject section */
		88BB248C1C0110F30080385D /* Project object */ = {
			isa = PBXProject;
			attributes = {
				LastSwiftUpdateCheck = 0710;
				LastUpgradeCheck = 0710;
				ORGANIZATIONNAME = Jrgsanta;
				TargetAttributes = {
					88BB24931C0110F30080385D = {
						CreatedOnToolsVersion = 7.1.1;
						DevelopmentTeam = 255VJ3ZMU3;
					};
				};
			};
			buildConfigurationList = 88BB248F1C0110F30080385D /* Build configuration list for PBXProject "PeticionServidor" */;
			compatibilityVersion = "Xcode 3.2";
			developmentRegion = English;
			hasScannedForEncodings = 0;
			knownRegions = (
				en,
				Base,
			);
			mainGroup = 88BB248B1C0110F30080385D;
			productRefGroup = 88BB24951C0110F30080385D /* Products */;
			projectDirPath = "";
			projectRoot = "";
			targets = (
				88BB24931C0110F30080385D /* PeticionServidor */,
			);
		};
/* End PBXProject section */

/* Begin PBXResourcesBuildPhase section */
		88BB24921C0110F30080385D /* Resources */ = {
			isa = PBXResourcesBuildPhase;
			buildActionMask = 2147483647;
			files = (
				88BB24A21C0110F30080385D /* LaunchScreen.storyboard in Resources */,
				88BB249F1C0110F30080385D /* Assets.xcassets in Resources */,
				88BB249D1C0110F30080385D /* Main.storyboard in Resources */,
			);
			runOnlyForDeploymentPostprocessing = 0;
		};
/* End PBXResourcesBuildPhase section */

/* Begin PBXSourcesBuildPhase section */
		88BB24901C0110F30080385D /* Sources */ = {
			isa = PBXSourcesBuildPhase;
			buildActionMask = 2147483647;
			files = (
				88BB249A1C0110F30080385D /* ViewController.swift in Sources */,
				88BB24981C0110F30080385D /* AppDelegate.swift in Sources */,
			);
			runOnlyForDeploymentPostprocessing = 0;
		};
/* End PBXSourcesBuildPhase section */

/* Begin PBXVariantGroup section */
		88BB249B1C0110F30080385D /* Main.storyboard */ = {
			isa = PBXVariantGroup;
			children = (
				88BB249C1C0110F30080385D /* Base */,
			);
			name = Main.storyboard;
			sourceTree = "<group>";
		};
		88BB24A01C0110F30080385D /* LaunchScreen.storyboard */ = {
			isa = PBXVariantGroup;
			children = (
				88BB24A11C0110F30080385D /* Base */,
			);
			name = LaunchScreen.storyboard;
			sourceTree = "<group>";
		};
/* End PBXVariantGroup section */

/* Begin XCBuildConfiguration section */
		88BB24A41C0110F30080385D /* Debug */ = {
			isa = XCBuildConfiguration;
			buildSettings = {
				ALWAYS_SEARCH_USER_PATHS = NO;
				CLANG_CXX_LANGUAGE_STANDARD = "gnu++0x";
				CLANG_CXX_LIBRARY = "libc++";
				CLANG_ENABLE_MODULES = YES;
				CLANG_ENABLE_OBJC_ARC = YES;
				CLANG_WARN_BOOL_CONVERSION = YES;
				CLANG_WARN_CONSTANT_CONVERSION = YES;
				CLANG_WARN_DIRECT_OBJC_ISA_USAGE = YES_ERROR;
				CLANG_WARN_EMPTY_BODY = YES;
				CLANG_WARN_ENUM_CONVERSION = YES;
				CLANG_WARN_INT_CONVERSION = YES;
				CLANG_WARN_OBJC_ROOT_CLASS = YES_ERROR;
				CLANG_WARN_UNREACHABLE_CODE = YES;
				CLANG_WARN__DUPLICATE_METHOD_MATCH = YES;
				"CODE_SIGN_IDENTITY[sdk=iphoneos*]" = "iPhone Developer";
				COPY_PHASE_STRIP = NO;
				DEBUG_INFORMATION_FORMAT = dwarf;
				ENABLE_STRICT_OBJC_MSGSEND = YES;
				ENABLE_TESTABILITY = YES;
				GCC_C_LANGUAGE_STANDARD = gnu99;
				GCC_DYNAMIC_NO_PIC = NO;
				GCC_NO_COMMON_BLOCKS = YES;
				GCC_OPTIMIZATION_LEVEL = 0;
				GCC_PREPROCESSOR_DEFINITIONS = (
					"DEBUG=1",
					"$(inherited)",
				);
				GCC_WARN_64_TO_32_BIT_CONVERSION = YES;
				GCC_WARN_ABOUT_RETURN_TYPE = YES_ERROR;
				GCC_WARN_UNDECLARED_SELECTOR = YES;
				GCC_WARN_UNINITIALIZED_AUTOS = YES_AGGRESSIVE;
				GCC_WARN_UNUSED_FUNCTION = YES;
				GCC_WARN_UNUSED_VARIABLE = YES;
				IPHONEOS_DEPLOYMENT_TARGET = 9.1;
				MTL_ENABLE_DEBUG_INFO = YES;
				ONLY_ACTIVE_ARCH = YES;
				SDKROOT = iphoneos;
				SWIFT_OPTIMIZATION_LEVEL = "-Onone";
				TARGETED_DEVICE_FAMILY = "1,2";
			};
			name = Debug;
		};
		88BB24A51C0110F30080385D /* Release */ = {
			isa = XCBuildConfiguration;
			buildSettings = {
				ALWAYS_SEARCH_USER_PATHS = NO;
				CLANG_CXX_LANGUAGE_STANDARD = "gnu++0x";
				CLANG_CXX_LIBRARY = "libc++";
				CLANG_ENABLE_MODULES = YES;
				CLANG_ENABLE_OBJC_ARC = YES;
				CLANG_WARN_BOOL_CONVERSION = YES;
				CLANG_WARN_CONSTANT_CONVERSION = YES;
				CLANG_WARN_DIRECT_OBJC_ISA_USAGE = YES_ERROR;
				CLANG_WARN_EMPTY_BODY = YES;
				CLANG_WARN_ENUM_CONVERSION = YES;
				CLANG_WARN_INT_CONVERSION = YES;
				CLANG_WARN_OBJC_ROOT_CLASS = YES_ERROR;
				CLANG_WARN_UNREACHABLE_CODE = YES;
				CLANG_WARN__DUPLICATE_METHOD_MATCH = YES;
				"CODE_SIGN_IDENTITY[sdk=iphoneos*]" = "iPhone Developer";
				COPY_PHASE_STRIP = NO;
				DEBUG_INFORMATION_FORMAT = "dwarf-with-dsym";
				ENABLE_NS_ASSERTIONS = NO;
				ENABLE_STRICT_OBJC_MSGSEND = YES;
				GCC_C_LANGUAGE_STANDARD = gnu99;
				GCC_NO_COMMON_BLOCKS = YES;
				GCC_WARN_64_TO_32_BIT_CONVERSION = YES;
				GCC_WARN_ABOUT_RETURN_TYPE = YES_ERROR;
				GCC_WARN_UNDECLARED_SELECTOR = YES;
				GCC_WARN_UNINITIALIZED_AUTOS = YES_AGGRESSIVE;
				GCC_WARN_UNUSED_FUNCTION = YES;
				GCC_WARN_UNUSED_VARIABLE = YES;
				IPHONEOS_DEPLOYMENT_TARGET = 9.1;
				MTL_ENABLE_DEBUG_INFO = NO;
				SDKROOT = iphoneos;
				TARGETED_DEVICE_FAMILY = "1,2";
				VALIDATE_PRODUCT = YES;
			};
			name = Release;
		};
		88BB24A71C0110F30080385D /* Debug */ = {
			isa = XCBuildConfiguration;
			buildSettings = {
				ASSETCATALOG_COMPILER_APPICON_NAME = AppIcon;
				INFOPLIST_FILE = PeticionServidor/Info.plist;
				LD_RUNPATH_SEARCH_PATHS = "$(inherited) @executable_path/Frameworks";
				PRODUCT_BUNDLE_IDENTIFIER = Jrgsanta.lajoyosa.PeticionServidor;
				PRODUCT_NAME = "$(TARGET_NAME)";
			};
			name = Debug;
		};
		88BB24A81C0110F30080385D /* Release */ = {
			isa = XCBuildConfiguration;
			buildSettings = {
				ASSETCATALOG_COMPILER_APPICON_NAME = AppIcon;
				INFOPLIST_FILE = PeticionServidor/Info.plist;
				LD_RUNPATH_SEARCH_PATHS = "$(inherited) @executable_path/Frameworks";
				PRODUCT_BUNDLE_IDENTIFIER = Jrgsanta.lajoyosa.PeticionServidor;
				PRODUCT_NAME = "$(TARGET_NAME)";
			};
			name = Release;
		};
/* End XCBuildConfiguration section */

/* Begin XCConfigurationList section */
		88BB248F1C0110F30080385D /* Build configuration list for PBXProject "PeticionServidor" */ = {
			isa = XCConfigurationList;
			buildConfigurations = (
				88BB24A41C0110F30080385D /* Debug */,
				88BB24A51C0110F30080385D /* Release */,
			);
			defaultConfigurationIsVisible = 0;
			defaultConfigurationName = Release;
		};
		88BB24A61C0110F30080385D /* Build configuration list for PBXNativeTarget "PeticionServidor" */ = {
			isa = XCConfigurationList;
			buildConfigurations = (
				88BB24A71C0110F30080385D /* Debug */,
				88BB24A81C0110F30080385D /* Release */,
			);
			defaultConfigurationIsVisible = 0;
		};
/* End XCConfigurationList section */
	};
	rootObject = 88BB248C1C0110F30080385D /* Project object */;
}
